
Microsoft Visual Studio Solution File, Format Version 12.00
# Visual Studio Version 17
VisualStudioVersion = 17.9.34622.214
MinimumVisualStudioVersion = 10.0.40219.1
Project("{8BC9CEB8-8B4A-11D0-8D11-00A0C91BC942}") = "Splay_Trees", "Splay_Trees\Splay_Trees.vcxproj", "{981A5D18-7634-41A4-AA69-8499764C009A}"
EndProject
Global
	GlobalSection(SolutionConfigurationPlatforms) = preSolution
		Debug|x64 = Debug|x64
		Debug|x86 = Debug|x86
		Release|x64 = Release|x64
		Release|x86 = Release|x86
	EndGlobalSection
	GlobalSection(ProjectConfigurationPlatforms) = postSolution
		{981A5D18-7634-41A4-AA69-8499764C009A}.Debug|x64.ActiveCfg = Debug|x64
		{981A5D18-7634-41A4-AA69-8499764C009A}.Debug|x64.Build.0 = Debug|x64
		{981A5D18-7634-41A4-AA69-8499764C009A}.Debug|x86.ActiveCfg = Debug|Win32
		{981A5D18-7634-41A4-AA69-8499764C009A}.Debug|x86.Build.0 = Debug|Win32
		{981A5D18-7634-41A4-AA69-8499764C009A}.Release|x64.ActiveCfg = Release|x64
		{981A5D18-7634-41A4-AA69-8499764C009A}.Release|x64.Build.0 = Release|x64
		{981A5D18-7634-41A4-AA69-8499764C009A}.Release|x86.ActiveCfg = Release|Win32
		{981A5D18-7634-41A4-AA69-8499764C009A}.Release|x86.Build.0 = Release|Win32
	EndGlobalSection
	GlobalSection(SolutionProperties) = preSolution
		HideSolutionNode = FALSE
	EndGlobalSection
	GlobalSection(ExtensibilityGlobals) = postSolution
		SolutionGuid = {157B1729-7B1C-47C6-B4CC-B7DD82C0325F}
	EndGlobalSection
EndGlobal
